
Microsoft Visual Studio Solution File, Format Version 12.00
Project("{FAE04EC0-301F-11D3-BF4B-00C04F79EFBC}") = "TestHelloWorld", "TestHelloWorld\TestHelloWorld.csproj", "{30C3ECEA-0A97-4C50-A246-E7420F32FE7D}"
EndProject
Project("{FAE04EC0-301F-11D3-BF4B-00C04F79EFBC}") = "Generators", "Generators\Generators.csproj", "{EFB3B679-1EDF-4403-917A-696D502BE2D2}"
EndProject
Global
	GlobalSection(SolutionConfigurationPlatforms) = preSolution
		Debug|Any CPU = Debug|Any CPU
		Release|Any CPU = Release|Any CPU
	EndGlobalSection
	GlobalSection(ProjectConfigurationPlatforms) = postSolution
		{30C3ECEA-0A97-4C50-A246-E7420F32FE7D}.Debug|Any CPU.ActiveCfg = Debug|Any CPU
		{30C3ECEA-0A97-4C50-A246-E7420F32FE7D}.Debug|Any CPU.Build.0 = Debug|Any CPU
		{30C3ECEA-0A97-4C50-A246-E7420F32FE7D}.Release|Any CPU.ActiveCfg = Release|Any CPU
		{30C3ECEA-0A97-4C50-A246-E7420F32FE7D}.Release|Any CPU.Build.0 = Release|Any CPU
		{EFB3B679-1EDF-4403-917A-696D502BE2D2}.Debug|Any CPU.ActiveCfg = Debug|Any CPU
		{EFB3B679-1EDF-4403-917A-696D502BE2D2}.Debug|Any CPU.Build.0 = Debug|Any CPU
		{EFB3B679-1EDF-4403-917A-696D502BE2D2}.Release|Any CPU.ActiveCfg = Release|Any CPU
		{EFB3B679-1EDF-4403-917A-696D502BE2D2}.Release|Any CPU.Build.0 = Release|Any CPU
	EndGlobalSection
EndGlobal
